
Microsoft Visual Studio Solution File, Format Version 12.00
# Visual Studio 15
VisualStudioVersion = 15.0.27703.2035
MinimumVisualStudioVersion = 10.0.40219.1
Project("{FAE04EC0-301F-11D3-BF4B-00C04F79EFBC}") = "ElasticSearchIndexer", "ElasticSearchIndexer\ElasticSearchIndexer.csproj", "{6CCD3A07-C78A-44B0-BF56-E726D00C8080}"
EndProject
Project("{FAE04EC0-301F-11D3-BF4B-00C04F79EFBC}") = "DiagnoseExchangeTool", "DiagnoseExchangeTool\DiagnoseExchangeTool.csproj", "{2B0923F0-3029-44AC-8573-E2369F479F7A}"
EndProject
Project("{FAE04EC0-301F-11D3-BF4B-00C04F79EFBC}") = "ProcessLogFiles", "ProcessLogFiles\ProcessLogFiles.csproj", "{43425AE9-ED3D-4D7B-9953-EA53C5B41757}"
EndProject
Project("{FAE04EC0-301F-11D3-BF4B-00C04F79EFBC}") = "ADTester", "ADTester\ADTester.csproj", "{488BC20A-8A0C-419E-8AE9-D420A825323C}"
EndProject
Global
	GlobalSection(SolutionConfigurationPlatforms) = preSolution
		Debug|Any CPU = Debug|Any CPU
		Release|Any CPU = Release|Any CPU
	EndGlobalSection
	GlobalSection(ProjectConfigurationPlatforms) = postSolution
		{6CCD3A07-C78A-44B0-BF56-E726D00C8080}.Debug|Any CPU.ActiveCfg = Debug|Any CPU
		{6CCD3A07-C78A-44B0-BF56-E726D00C8080}.Debug|Any CPU.Build.0 = Debug|Any CPU
		{6CCD3A07-C78A-44B0-BF56-E726D00C8080}.Release|Any CPU.ActiveCfg = Release|Any CPU
		{6CCD3A07-C78A-44B0-BF56-E726D00C8080}.Release|Any CPU.Build.0 = Release|Any CPU
		{2B0923F0-3029-44AC-8573-E2369F479F7A}.Debug|Any CPU.ActiveCfg = Debug|Any CPU
		{2B0923F0-3029-44AC-8573-E2369F479F7A}.Debug|Any CPU.Build.0 = Debug|Any CPU
		{2B0923F0-3029-44AC-8573-E2369F479F7A}.Release|Any CPU.ActiveCfg = Release|Any CPU
		{2B0923F0-3029-44AC-8573-E2369F479F7A}.Release|Any CPU.Build.0 = Release|Any CPU
		{43425AE9-ED3D-4D7B-9953-EA53C5B41757}.Debug|Any CPU.ActiveCfg = Debug|Any CPU
		{43425AE9-ED3D-4D7B-9953-EA53C5B41757}.Debug|Any CPU.Build.0 = Debug|Any CPU
		{43425AE9-ED3D-4D7B-9953-EA53C5B41757}.Release|Any CPU.ActiveCfg = Release|Any CPU
		{43425AE9-ED3D-4D7B-9953-EA53C5B41757}.Release|Any CPU.Build.0 = Release|Any CPU
		{488BC20A-8A0C-419E-8AE9-D420A825323C}.Debug|Any CPU.ActiveCfg = Debug|Any CPU
		{488BC20A-8A0C-419E-8AE9-D420A825323C}.Debug|Any CPU.Build.0 = Debug|Any CPU
		{488BC20A-8A0C-419E-8AE9-D420A825323C}.Release|Any CPU.ActiveCfg = Release|Any CPU
		{488BC20A-8A0C-419E-8AE9-D420A825323C}.Release|Any CPU.Build.0 = Release|Any CPU
	EndGlobalSection
	GlobalSection(SolutionProperties) = preSolution
		HideSolutionNode = FALSE
	EndGlobalSection
	GlobalSection(ExtensibilityGlobals) = postSolution
		SolutionGuid = {36A026CA-F3C9-42FD-9B42-173E368F97BE}
	EndGlobalSection
EndGlobal
